
Microsoft Visual Studio Solution File, Format Version 12.00
Project("{FAE04EC0-301F-11D3-BF4B-00C04F79EFBC}") = "MM.Website", "MM.Website\MM.Website.csproj", "{F575CA2E-2B0E-438D-8AAB-A3121E4BB8D0}"
EndProject
Global
	GlobalSection(SolutionConfigurationPlatforms) = preSolution
		Debug|Any CPU = Debug|Any CPU
		Release|Any CPU = Release|Any CPU
	EndGlobalSection
	GlobalSection(ProjectConfigurationPlatforms) = postSolution
		{F575CA2E-2B0E-438D-8AAB-A3121E4BB8D0}.Debug|Any CPU.ActiveCfg = Debug|Any CPU
		{F575CA2E-2B0E-438D-8AAB-A3121E4BB8D0}.Debug|Any CPU.Build.0 = Debug|Any CPU
		{F575CA2E-2B0E-438D-8AAB-A3121E4BB8D0}.Release|Any CPU.ActiveCfg = Release|Any CPU
		{F575CA2E-2B0E-438D-8AAB-A3121E4BB8D0}.Release|Any CPU.Build.0 = Release|Any CPU
	EndGlobalSection
EndGlobal
